
Microsoft Visual Studio Solution File, Format Version 12.00
# Visual Studio Version 16
VisualStudioVersion = 16.0.30128.36
MinimumVisualStudioVersion = 10.0.40219.1
Project("{FAE04EC0-301F-11D3-BF4B-00C04F79EFBC}") = "CloudEvents.Typed", "CloudEvents.Typed\CloudEvents.Typed.csproj", "{4BBD6391-2C23-421D-BE2E-34DE6A32DFA8}"
EndProject
Project("{2150E333-8FDC-42A3-9474-1A3956D46DE8}") = "tests", "tests", "{6AE96BC3-EC07-4C1F-8537-13DD85F6AC94}"
EndProject
Project("{2150E333-8FDC-42A3-9474-1A3956D46DE8}") = "samples", "samples", "{22F300A2-63B2-423D-B5AE-9070B262D465}"
EndProject
Project("{FAE04EC0-301F-11D3-BF4B-00C04F79EFBC}") = "CloudEvents.Typed.Tests.Unit", "CloudEvents.Typed.Tests.Unit\CloudEvents.Typed.Tests.Unit.csproj", "{FBC45D82-2C5F-4335-B5A1-FB5043A708A6}"
EndProject
Global
	GlobalSection(SolutionConfigurationPlatforms) = preSolution
		Debug|Any CPU = Debug|Any CPU
		Release|Any CPU = Release|Any CPU
	EndGlobalSection
	GlobalSection(ProjectConfigurationPlatforms) = postSolution
		{4BBD6391-2C23-421D-BE2E-34DE6A32DFA8}.Debug|Any CPU.ActiveCfg = Debug|Any CPU
		{4BBD6391-2C23-421D-BE2E-34DE6A32DFA8}.Debug|Any CPU.Build.0 = Debug|Any CPU
		{4BBD6391-2C23-421D-BE2E-34DE6A32DFA8}.Release|Any CPU.ActiveCfg = Release|Any CPU
		{4BBD6391-2C23-421D-BE2E-34DE6A32DFA8}.Release|Any CPU.Build.0 = Release|Any CPU
		{FBC45D82-2C5F-4335-B5A1-FB5043A708A6}.Debug|Any CPU.ActiveCfg = Debug|Any CPU
		{FBC45D82-2C5F-4335-B5A1-FB5043A708A6}.Debug|Any CPU.Build.0 = Debug|Any CPU
		{FBC45D82-2C5F-4335-B5A1-FB5043A708A6}.Release|Any CPU.ActiveCfg = Release|Any CPU
		{FBC45D82-2C5F-4335-B5A1-FB5043A708A6}.Release|Any CPU.Build.0 = Release|Any CPU
	EndGlobalSection
	GlobalSection(SolutionProperties) = preSolution
		HideSolutionNode = FALSE
	EndGlobalSection
	GlobalSection(NestedProjects) = preSolution
		{FBC45D82-2C5F-4335-B5A1-FB5043A708A6} = {6AE96BC3-EC07-4C1F-8537-13DD85F6AC94}
	EndGlobalSection
	GlobalSection(ExtensibilityGlobals) = postSolution
		SolutionGuid = {2B0BB09E-5D26-41F9-AB68-5173F6C3B045}
	EndGlobalSection
EndGlobal
