
Microsoft Visual Studio Solution File, Format Version 12.00
# Visual Studio Version 16
VisualStudioVersion = 16.0.30128.36
MinimumVisualStudioVersion = 10.0.40219.1
Project("{2150E333-8FDC-42A3-9474-1A3956D46DE8}") = "tests", "tests", "{6AE96BC3-EC07-4C1F-8537-13DD85F6AC94}"
EndProject
Project("{2150E333-8FDC-42A3-9474-1A3956D46DE8}") = "samples", "samples", "{22F300A2-63B2-423D-B5AE-9070B262D465}"
EndProject
Project("{9A19103F-16F7-4668-BE54-9A1E7A4F7556}") = "MBernard.CloudEvents.StronglyTyped", "MBernard.CloudEvents.StronglyTyped\MBernard.CloudEvents.StronglyTyped.csproj", "{2E9CD407-9A1F-49EF-8CE1-5E8D5F5C83B7}"
EndProject
Project("{9A19103F-16F7-4668-BE54-9A1E7A4F7556}") = "MBernard.CloudEvents.StronglyTyped.Tests.Unit", "MBernard.CloudEvents.StronglyTyped.Tests.Unit\MBernard.CloudEvents.StronglyTyped.Tests.Unit.csproj", "{21ED202E-EABA-4AD2-951C-CEC4027182B4}"
EndProject
Global
	GlobalSection(SolutionConfigurationPlatforms) = preSolution
		Debug|Any CPU = Debug|Any CPU
		Release|Any CPU = Release|Any CPU
	EndGlobalSection
	GlobalSection(ProjectConfigurationPlatforms) = postSolution
		{2E9CD407-9A1F-49EF-8CE1-5E8D5F5C83B7}.Debug|Any CPU.ActiveCfg = Debug|Any CPU
		{2E9CD407-9A1F-49EF-8CE1-5E8D5F5C83B7}.Debug|Any CPU.Build.0 = Debug|Any CPU
		{2E9CD407-9A1F-49EF-8CE1-5E8D5F5C83B7}.Release|Any CPU.ActiveCfg = Release|Any CPU
		{2E9CD407-9A1F-49EF-8CE1-5E8D5F5C83B7}.Release|Any CPU.Build.0 = Release|Any CPU
		{21ED202E-EABA-4AD2-951C-CEC4027182B4}.Debug|Any CPU.ActiveCfg = Debug|Any CPU
		{21ED202E-EABA-4AD2-951C-CEC4027182B4}.Debug|Any CPU.Build.0 = Debug|Any CPU
		{21ED202E-EABA-4AD2-951C-CEC4027182B4}.Release|Any CPU.ActiveCfg = Release|Any CPU
		{21ED202E-EABA-4AD2-951C-CEC4027182B4}.Release|Any CPU.Build.0 = Release|Any CPU
	EndGlobalSection
	GlobalSection(SolutionProperties) = preSolution
		HideSolutionNode = FALSE
	EndGlobalSection
	GlobalSection(NestedProjects) = preSolution
		{21ED202E-EABA-4AD2-951C-CEC4027182B4} = {6AE96BC3-EC07-4C1F-8537-13DD85F6AC94}
	EndGlobalSection
	GlobalSection(ExtensibilityGlobals) = postSolution
		SolutionGuid = {2B0BB09E-5D26-41F9-AB68-5173F6C3B045}
	EndGlobalSection
EndGlobal
